
Microsoft Visual Studio Solution File, Format Version 12.00
# Visual Studio Version 16
VisualStudioVersion = 16.0.31112.23
MinimumVisualStudioVersion = 10.0.40219.1
Project("{FAE04EC0-301F-11D3-BF4B-00C04F79EFBC}") = "MorseCode.UWP", "MorseCode.UWP\MorseCode.UWP.csproj", "{BF1CC13F-C1F6-42B7-A26B-C262A24D4C5F}"
EndProject
Project("{FAE04EC0-301F-11D3-BF4B-00C04F79EFBC}") = "MorseCode.Android", "MorseCode.Android\MorseCode.Android.csproj", "{A9E6634E-FF49-4D29-A91C-BD0D989F26AE}"
EndProject
Project("{FAE04EC0-301F-11D3-BF4B-00C04F79EFBC}") = "MorseCode.iOS", "MorseCode.iOS\MorseCode.iOS.csproj", "{6BBCC628-0F31-4829-A2E0-A6AEF0FAC706}"
EndProject
Project("{FAE04EC0-301F-11D3-BF4B-00C04F79EFBC}") = "MorseCode", "MorseCode\MorseCode.csproj", "{1D0F6934-A7CC-48F0-8812-3CC44D31B3BD}"
EndProject
Global
	GlobalSection(SolutionConfigurationPlatforms) = preSolution
		Debug|Any CPU = Debug|Any CPU
		Debug|ARM = Debug|ARM
		Debug|iPhone = Debug|iPhone
		Debug|iPhoneSimulator = Debug|iPhoneSimulator
		Debug|x64 = Debug|x64
		Debug|x86 = Debug|x86
		Release|Any CPU = Release|Any CPU
		Release|ARM = Release|ARM
		Release|iPhone = Release|iPhone
		Release|iPhoneSimulator = Release|iPhoneSimulator
		Release|x64 = Release|x64
		Release|x86 = Release|x86
	EndGlobalSection
	GlobalSection(ProjectConfigurationPlatforms) = postSolution
		{BF1CC13F-C1F6-42B7-A26B-C262A24D4C5F}.Debug|Any CPU.ActiveCfg = Debug|x86
		{BF1CC13F-C1F6-42B7-A26B-C262A24D4C5F}.Debug|Any CPU.Build.0 = Debug|x86
		{BF1CC13F-C1F6-42B7-A26B-C262A24D4C5F}.Debug|Any CPU.Deploy.0 = Debug|x86
		{BF1CC13F-C1F6-42B7-A26B-C262A24D4C5F}.Debug|ARM.ActiveCfg = Debug|ARM
		{BF1CC13F-C1F6-42B7-A26B-C262A24D4C5F}.Debug|ARM.Build.0 = Debug|ARM
		{BF1CC13F-C1F6-42B7-A26B-C262A24D4C5F}.Debug|ARM.Deploy.0 = Debug|ARM
		{BF1CC13F-C1F6-42B7-A26B-C262A24D4C5F}.Debug|iPhone.ActiveCfg = Debug|x86
		{BF1CC13F-C1F6-42B7-A26B-C262A24D4C5F}.Debug|iPhone.Build.0 = Debug|x86
		{BF1CC13F-C1F6-42B7-A26B-C262A24D4C5F}.Debug|iPhone.Deploy.0 = Debug|x86
		{BF1CC13F-C1F6-42B7-A26B-C262A24D4C5F}.Debug|iPhoneSimulator.ActiveCfg = Debug|x86
		{BF1CC13F-C1F6-42B7-A26B-C262A24D4C5F}.Debug|iPhoneSimulator.Build.0 = Debug|x86
		{BF1CC13F-C1F6-42B7-A26B-C262A24D4C5F}.Debug|iPhoneSimulator.Deploy.0 = Debug|x86
		{BF1CC13F-C1F6-42B7-A26B-C262A24D4C5F}.Debug|x64.ActiveCfg = Debug|x64
		{BF1CC13F-C1F6-42B7-A26B-C262A24D4C5F}.Debug|x64.Build.0 = Debug|x64
		{BF1CC13F-C1F6-42B7-A26B-C262A24D4C5F}.Debug|x64.Deploy.0 = Debug|x64
		{BF1CC13F-C1F6-42B7-A26B-C262A24D4C5F}.Debug|x86.ActiveCfg = Debug|x86
		{BF1CC13F-C1F6-42B7-A26B-C262A24D4C5F}.Debug|x86.Build.0 = Debug|x86
		{BF1CC13F-C1F6-42B7-A26B-C262A24D4C5F}.Debug|x86.Deploy.0 = Debug|x86
		{BF1CC13F-C1F6-42B7-A26B-C262A24D4C5F}.Release|Any CPU.ActiveCfg = Release|x86
		{BF1CC13F-C1F6-42B7-A26B-C262A24D4C5F}.Release|Any CPU.Build.0 = Release|x86
		{BF1CC13F-C1F6-42B7-A26B-C262A24D4C5F}.Release|Any CPU.Deploy.0 = Release|x86
		{BF1CC13F-C1F6-42B7-A26B-C262A24D4C5F}.Release|ARM.ActiveCfg = Release|ARM
		{BF1CC13F-C1F6-42B7-A26B-C262A24D4C5F}.Release|ARM.Build.0 = Release|ARM
		{BF1CC13F-C1F6-42B7-A26B-C262A24D4C5F}.Release|ARM.Deploy.0 = Release|ARM
		{BF1CC13F-C1F6-42B7-A26B-C262A24D4C5F}.Release|iPhone.ActiveCfg = Release|x86
		{BF1CC13F-C1F6-42B7-A26B-C262A24D4C5F}.Release|iPhone.Build.0 = Release|x86
		{BF1CC13F-C1F6-42B7-A26B-C262A24D4C5F}.Release|iPhone.Deploy.0 = Release|x86
		{BF1CC13F-C1F6-42B7-A26B-C262A24D4C5F}.Release|iPhoneSimulator.ActiveCfg = Release|x86
		{BF1CC13F-C1F6-42B7-A26B-C262A24D4C5F}.Release|iPhoneSimulator.Build.0 = Release|x86
		{BF1CC13F-C1F6-42B7-A26B-C262A24D4C5F}.Release|iPhoneSimulator.Deploy.0 = Release|x86
		{BF1CC13F-C1F6-42B7-A26B-C262A24D4C5F}.Release|x64.ActiveCfg = Release|x64
		{BF1CC13F-C1F6-42B7-A26B-C262A24D4C5F}.Release|x64.Build.0 = Release|x64
		{BF1CC13F-C1F6-42B7-A26B-C262A24D4C5F}.Release|x64.Deploy.0 = Release|x64
		{BF1CC13F-C1F6-42B7-A26B-C262A24D4C5F}.Release|x86.ActiveCfg = Release|x86
		{BF1CC13F-C1F6-42B7-A26B-C262A24D4C5F}.Release|x86.Build.0 = Release|x86
		{BF1CC13F-C1F6-42B7-A26B-C262A24D4C5F}.Release|x86.Deploy.0 = Release|x86
		{A9E6634E-FF49-4D29-A91C-BD0D989F26AE}.Debug|Any CPU.ActiveCfg = Debug|Any CPU
		{A9E6634E-FF49-4D29-A91C-BD0D989F26AE}.Debug|Any CPU.Build.0 = Debug|Any CPU
		{A9E6634E-FF49-4D29-A91C-BD0D989F26AE}.Debug|Any CPU.Deploy.0 = Debug|Any CPU
		{A9E6634E-FF49-4D29-A91C-BD0D989F26AE}.Debug|ARM.ActiveCfg = Debug|Any CPU
		{A9E6634E-FF49-4D29-A91C-BD0D989F26AE}.Debug|ARM.Build.0 = Debug|Any CPU
		{A9E6634E-FF49-4D29-A91C-BD0D989F26AE}.Debug|ARM.Deploy.0 = Debug|Any CPU
		{A9E6634E-FF49-4D29-A91C-BD0D989F26AE}.Debug|iPhone.ActiveCfg = Debug|Any CPU
		{A9E6634E-FF49-4D29-A91C-BD0D989F26AE}.Debug|iPhone.Build.0 = Debug|Any CPU
		{A9E6634E-FF49-4D29-A91C-BD0D989F26AE}.Debug|iPhone.Deploy.0 = Debug|Any CPU
		{A9E6634E-FF49-4D29-A91C-BD0D989F26AE}.Debug|iPhoneSimulator.ActiveCfg = Debug|Any CPU
		{A9E6634E-FF49-4D29-A91C-BD0D989F26AE}.Debug|iPhoneSimulator.Build.0 = Debug|Any CPU
		{A9E6634E-FF49-4D29-A91C-BD0D989F26AE}.Debug|iPhoneSimulator.Deploy.0 = Debug|Any CPU
		{A9E6634E-FF49-4D29-A91C-BD0D989F26AE}.Debug|x64.ActiveCfg = Debug|Any CPU
		{A9E6634E-FF49-4D29-A91C-BD0D989F26AE}.Debug|x64.Build.0 = Debug|Any CPU
		{A9E6634E-FF49-4D29-A91C-BD0D989F26AE}.Debug|x64.Deploy.0 = Debug|Any CPU
		{A9E6634E-FF49-4D29-A91C-BD0D989F26AE}.Debug|x86.ActiveCfg = Debug|Any CPU
		{A9E6634E-FF49-4D29-A91C-BD0D989F26AE}.Debug|x86.Build.0 = Debug|Any CPU
		{A9E6634E-FF49-4D29-A91C-BD0D989F26AE}.Debug|x86.Deploy.0 = Debug|Any CPU
		{A9E6634E-FF49-4D29-A91C-BD0D989F26AE}.Release|Any CPU.ActiveCfg = Release|Any CPU
		{A9E6634E-FF49-4D29-A91C-BD0D989F26AE}.Release|Any CPU.Build.0 = Release|Any CPU
		{A9E6634E-FF49-4D29-A91C-BD0D989F26AE}.Release|Any CPU.Deploy.0 = Release|Any CPU
		{A9E6634E-FF49-4D29-A91C-BD0D989F26AE}.Release|ARM.ActiveCfg = Release|Any CPU
		{A9E6634E-FF49-4D29-A91C-BD0D989F26AE}.Release|ARM.Build.0 = Release|Any CPU
		{A9E6634E-FF49-4D29-A91C-BD0D989F26AE}.Release|ARM.Deploy.0 = Release|Any CPU
		{A9E6634E-FF49-4D29-A91C-BD0D989F26AE}.Release|iPhone.ActiveCfg = Release|Any CPU
		{A9E6634E-FF49-4D29-A91C-BD0D989F26AE}.Release|iPhone.Build.0 = Release|Any CPU
		{A9E6634E-FF49-4D29-A91C-BD0D989F26AE}.Release|iPhone.Deploy.0 = Release|Any CPU
		{A9E6634E-FF49-4D29-A91C-BD0D989F26AE}.Release|iPhoneSimulator.ActiveCfg = Release|Any CPU
		{A9E6634E-FF49-4D29-A91C-BD0D989F26AE}.Release|iPhoneSimulator.Build.0 = Release|Any CPU
		{A9E6634E-FF49-4D29-A91C-BD0D989F26AE}.Release|iPhoneSimulator.Deploy.0 = Release|Any CPU
		{A9E6634E-FF49-4D29-A91C-BD0D989F26AE}.Release|x64.ActiveCfg = Release|Any CPU
		{A9E6634E-FF49-4D29-A91C-BD0D989F26AE}.Release|x64.Build.0 = Release|Any CPU
		{A9E6634E-FF49-4D29-A91C-BD0D989F26AE}.Release|x64.Deploy.0 = Release|Any CPU
		{A9E6634E-FF49-4D29-A91C-BD0D989F26AE}.Release|x86.ActiveCfg = Release|Any CPU
		{A9E6634E-FF49-4D29-A91C-BD0D989F26AE}.Release|x86.Build.0 = Release|Any CPU
		{A9E6634E-FF49-4D29-A91C-BD0D989F26AE}.Release|x86.Deploy.0 = Release|Any CPU
		{6BBCC628-0F31-4829-A2E0-A6AEF0FAC706}.Debug|Any CPU.ActiveCfg = Debug|iPhoneSimulator
		{6BBCC628-0F31-4829-A2E0-A6AEF0FAC706}.Debug|Any CPU.Build.0 = Debug|iPhoneSimulator
		{6BBCC628-0F31-4829-A2E0-A6AEF0FAC706}.Debug|Any CPU.Deploy.0 = Debug|iPhoneSimulator
		{6BBCC628-0F31-4829-A2E0-A6AEF0FAC706}.Debug|ARM.ActiveCfg = Debug|iPhone
		{6BBCC628-0F31-4829-A2E0-A6AEF0FAC706}.Debug|ARM.Build.0 = Debug|iPhone
		{6BBCC628-0F31-4829-A2E0-A6AEF0FAC706}.Debug|ARM.Deploy.0 = Debug|iPhone
		{6BBCC628-0F31-4829-A2E0-A6AEF0FAC706}.Debug|iPhone.ActiveCfg = Debug|iPhone
		{6BBCC628-0F31-4829-A2E0-A6AEF0FAC706}.Debug|iPhone.Build.0 = Debug|iPhone
		{6BBCC628-0F31-4829-A2E0-A6AEF0FAC706}.Debug|iPhone.Deploy.0 = Debug|iPhone
		{6BBCC628-0F31-4829-A2E0-A6AEF0FAC706}.Debug|iPhoneSimulator.ActiveCfg = Debug|iPhoneSimulator
		{6BBCC628-0F31-4829-A2E0-A6AEF0FAC706}.Debug|iPhoneSimulator.Build.0 = Debug|iPhoneSimulator
		{6BBCC628-0F31-4829-A2E0-A6AEF0FAC706}.Debug|iPhoneSimulator.Deploy.0 = Debug|iPhoneSimulator
		{6BBCC628-0F31-4829-A2E0-A6AEF0FAC706}.Debug|x64.ActiveCfg = Debug|iPhoneSimulator
		{6BBCC628-0F31-4829-A2E0-A6AEF0FAC706}.Debug|x64.Build.0 = Debug|iPhoneSimulator
		{6BBCC628-0F31-4829-A2E0-A6AEF0FAC706}.Debug|x64.Deploy.0 = Debug|iPhoneSimulator
		{6BBCC628-0F31-4829-A2E0-A6AEF0FAC706}.Debug|x86.ActiveCfg = Debug|iPhoneSimulator
		{6BBCC628-0F31-4829-A2E0-A6AEF0FAC706}.Debug|x86.Build.0 = Debug|iPhoneSimulator
		{6BBCC628-0F31-4829-A2E0-A6AEF0FAC706}.Debug|x86.Deploy.0 = Debug|iPhoneSimulator
		{6BBCC628-0F31-4829-A2E0-A6AEF0FAC706}.Release|Any CPU.ActiveCfg = Release|iPhoneSimulator
		{6BBCC628-0F31-4829-A2E0-A6AEF0FAC706}.Release|Any CPU.Build.0 = Release|iPhoneSimulator
		{6BBCC628-0F31-4829-A2E0-A6AEF0FAC706}.Release|Any CPU.Deploy.0 = Release|iPhoneSimulator
		{6BBCC628-0F31-4829-A2E0-A6AEF0FAC706}.Release|ARM.ActiveCfg = Release|iPhoneSimulator
		{6BBCC628-0F31-4829-A2E0-A6AEF0FAC706}.Release|ARM.Build.0 = Release|iPhoneSimulator
		{6BBCC628-0F31-4829-A2E0-A6AEF0FAC706}.Release|ARM.Deploy.0 = Release|iPhoneSimulator
		{6BBCC628-0F31-4829-A2E0-A6AEF0FAC706}.Release|iPhone.ActiveCfg = Release|iPhone
		{6BBCC628-0F31-4829-A2E0-A6AEF0FAC706}.Release|iPhone.Build.0 = Release|iPhone
		{6BBCC628-0F31-4829-A2E0-A6AEF0FAC706}.Release|iPhone.Deploy.0 = Release|iPhone
		{6BBCC628-0F31-4829-A2E0-A6AEF0FAC706}.Release|iPhoneSimulator.ActiveCfg = Release|iPhoneSimulator
		{6BBCC628-0F31-4829-A2E0-A6AEF0FAC706}.Release|iPhoneSimulator.Build.0 = Release|iPhoneSimulator
		{6BBCC628-0F31-4829-A2E0-A6AEF0FAC706}.Release|iPhoneSimulator.Deploy.0 = Release|iPhoneSimulator
		{6BBCC628-0F31-4829-A2E0-A6AEF0FAC706}.Release|x64.ActiveCfg = Release|iPhoneSimulator
		{6BBCC628-0F31-4829-A2E0-A6AEF0FAC706}.Release|x64.Build.0 = Release|iPhoneSimulator
		{6BBCC628-0F31-4829-A2E0-A6AEF0FAC706}.Release|x64.Deploy.0 = Release|iPhoneSimulator
		{6BBCC628-0F31-4829-A2E0-A6AEF0FAC706}.Release|x86.ActiveCfg = Release|iPhoneSimulator
		{6BBCC628-0F31-4829-A2E0-A6AEF0FAC706}.Release|x86.Build.0 = Release|iPhoneSimulator
		{6BBCC628-0F31-4829-A2E0-A6AEF0FAC706}.Release|x86.Deploy.0 = Release|iPhoneSimulator
		{1D0F6934-A7CC-48F0-8812-3CC44D31B3BD}.Debug|Any CPU.ActiveCfg = Debug|Any CPU
		{1D0F6934-A7CC-48F0-8812-3CC44D31B3BD}.Debug|Any CPU.Build.0 = Debug|Any CPU
		{1D0F6934-A7CC-48F0-8812-3CC44D31B3BD}.Debug|Any CPU.Deploy.0 = Debug|Any CPU
		{1D0F6934-A7CC-48F0-8812-3CC44D31B3BD}.Debug|ARM.ActiveCfg = Debug|Any CPU
		{1D0F6934-A7CC-48F0-8812-3CC44D31B3BD}.Debug|ARM.Build.0 = Debug|Any CPU
		{1D0F6934-A7CC-48F0-8812-3CC44D31B3BD}.Debug|ARM.Deploy.0 = Debug|Any CPU
		{1D0F6934-A7CC-48F0-8812-3CC44D31B3BD}.Debug|iPhone.ActiveCfg = Debug|Any CPU
		{1D0F6934-A7CC-48F0-8812-3CC44D31B3BD}.Debug|iPhone.Build.0 = Debug|Any CPU
		{1D0F6934-A7CC-48F0-8812-3CC44D31B3BD}.Debug|iPhone.Deploy.0 = Debug|Any CPU
		{1D0F6934-A7CC-48F0-8812-3CC44D31B3BD}.Debug|iPhoneSimulator.ActiveCfg = Debug|Any CPU
		{1D0F6934-A7CC-48F0-8812-3CC44D31B3BD}.Debug|iPhoneSimulator.Build.0 = Debug|Any CPU
		{1D0F6934-A7CC-48F0-8812-3CC44D31B3BD}.Debug|iPhoneSimulator.Deploy.0 = Debug|Any CPU
		{1D0F6934-A7CC-48F0-8812-3CC44D31B3BD}.Debug|x64.ActiveCfg = Debug|Any CPU
		{1D0F6934-A7CC-48F0-8812-3CC44D31B3BD}.Debug|x64.Build.0 = Debug|Any CPU
		{1D0F6934-A7CC-48F0-8812-3CC44D31B3BD}.Debug|x64.Deploy.0 = Debug|Any CPU
		{1D0F6934-A7CC-48F0-8812-3CC44D31B3BD}.Debug|x86.ActiveCfg = Debug|Any CPU
		{1D0F6934-A7CC-48F0-8812-3CC44D31B3BD}.Debug|x86.Build.0 = Debug|Any CPU
		{1D0F6934-A7CC-48F0-8812-3CC44D31B3BD}.Debug|x86.Deploy.0 = Debug|Any CPU
		{1D0F6934-A7CC-48F0-8812-3CC44D31B3BD}.Release|Any CPU.ActiveCfg = Release|Any CPU
		{1D0F6934-A7CC-48F0-8812-3CC44D31B3BD}.Release|Any CPU.Build.0 = Release|Any CPU
		{1D0F6934-A7CC-48F0-8812-3CC44D31B3BD}.Release|Any CPU.Deploy.0 = Release|Any CPU
		{1D0F6934-A7CC-48F0-8812-3CC44D31B3BD}.Release|ARM.ActiveCfg = Release|Any CPU
		{1D0F6934-A7CC-48F0-8812-3CC44D31B3BD}.Release|ARM.Build.0 = Release|Any CPU
		{1D0F6934-A7CC-48F0-8812-3CC44D31B3BD}.Release|ARM.Deploy.0 = Release|Any CPU
		{1D0F6934-A7CC-48F0-8812-3CC44D31B3BD}.Release|iPhone.ActiveCfg = Release|Any CPU
		{1D0F6934-A7CC-48F0-8812-3CC44D31B3BD}.Release|iPhone.Build.0 = Release|Any CPU
		{1D0F6934-A7CC-48F0-8812-3CC44D31B3BD}.Release|iPhone.Deploy.0 = Release|Any CPU
		{1D0F6934-A7CC-48F0-8812-3CC44D31B3BD}.Release|iPhoneSimulator.ActiveCfg = Release|Any CPU
		{1D0F6934-A7CC-48F0-8812-3CC44D31B3BD}.Release|iPhoneSimulator.Build.0 = Release|Any CPU
		{1D0F6934-A7CC-48F0-8812-3CC44D31B3BD}.Release|iPhoneSimulator.Deploy.0 = Release|Any CPU
		{1D0F6934-A7CC-48F0-8812-3CC44D31B3BD}.Release|x64.ActiveCfg = Release|Any CPU
		{1D0F6934-A7CC-48F0-8812-3CC44D31B3BD}.Release|x64.Build.0 = Release|Any CPU
		{1D0F6934-A7CC-48F0-8812-3CC44D31B3BD}.Release|x64.Deploy.0 = Release|Any CPU
		{1D0F6934-A7CC-48F0-8812-3CC44D31B3BD}.Release|x86.ActiveCfg = Release|Any CPU
		{1D0F6934-A7CC-48F0-8812-3CC44D31B3BD}.Release|x86.Build.0 = Release|Any CPU
		{1D0F6934-A7CC-48F0-8812-3CC44D31B3BD}.Release|x86.Deploy.0 = Release|Any CPU
	EndGlobalSection
	GlobalSection(SolutionProperties) = preSolution
		HideSolutionNode = FALSE
	EndGlobalSection
	GlobalSection(ExtensibilityGlobals) = postSolution
		SolutionGuid = {BCB4B289-89A3-4306-A1DB-3593F2A62F94}
	EndGlobalSection
EndGlobal
